
Microsoft Visual Studio Solution File, Format Version 12.00
# Visual Studio Version 16
VisualStudioVersion = 16.0.31025.194
MinimumVisualStudioVersion = 10.0.40219.1
Project("{9A19103F-16F7-4668-BE54-9A1E7A4F7556}") = "ExampleMvcApp", "ExampleMvcApp\ExampleMvcApp.csproj", "{8BBADF5A-E8CA-4A67-8A10-D7B6E07E2BD5}"
EndProject
Project("{9A19103F-16F7-4668-BE54-9A1E7A4F7556}") = "ExampleMvcApp.Tests", "ExampleMvcApp.Tests\ExampleMvcApp.Tests.csproj", "{6A122FF8-E0EB-4F1F-BED0-593C3367E213}"
EndProject
Global
	GlobalSection(SolutionConfigurationPlatforms) = preSolution
		Debug|Any CPU = Debug|Any CPU
		Release|Any CPU = Release|Any CPU
	EndGlobalSection
	GlobalSection(ProjectConfigurationPlatforms) = postSolution
		{8BBADF5A-E8CA-4A67-8A10-D7B6E07E2BD5}.Debug|Any CPU.ActiveCfg = Debug|Any CPU
		{8BBADF5A-E8CA-4A67-8A10-D7B6E07E2BD5}.Debug|Any CPU.Build.0 = Debug|Any CPU
		{8BBADF5A-E8CA-4A67-8A10-D7B6E07E2BD5}.Release|Any CPU.ActiveCfg = Release|Any CPU
		{8BBADF5A-E8CA-4A67-8A10-D7B6E07E2BD5}.Release|Any CPU.Build.0 = Release|Any CPU
		{6A122FF8-E0EB-4F1F-BED0-593C3367E213}.Debug|Any CPU.ActiveCfg = Debug|Any CPU
		{6A122FF8-E0EB-4F1F-BED0-593C3367E213}.Debug|Any CPU.Build.0 = Debug|Any CPU
		{6A122FF8-E0EB-4F1F-BED0-593C3367E213}.Release|Any CPU.ActiveCfg = Release|Any CPU
		{6A122FF8-E0EB-4F1F-BED0-593C3367E213}.Release|Any CPU.Build.0 = Release|Any CPU
	EndGlobalSection
	GlobalSection(SolutionProperties) = preSolution
		HideSolutionNode = FALSE
	EndGlobalSection
	GlobalSection(ExtensibilityGlobals) = postSolution
		SolutionGuid = {A8E2CA18-85BB-4172-998E-8A59E677685D}
	EndGlobalSection
EndGlobal
